# generated by rye
# use `rye lock` or `rye sync` to update this lockfile
#
# last locked with the following flags:
#   pre: false
#   features: []
#   all-features: false
#   with-sources: false
#   generate-hashes: false
#   universal: true

-e file:.
alabaster==0.7.16
    # via sphinx
babel==2.15.0
    # via sphinx
certifi==2024.7.4
    # via requests
cfgv==3.4.0
    # via pre-commit
charset-normalizer==3.3.2
    # via requests
colorama==0.4.6 ; sys_platform == 'win32'
    # via pytest
    # via sphinx
coverage==7.6.0
    # via pytest-cov
defusedxml==0.7.1
distlib==0.3.8
    # via virtualenv
docutils==0.21.2
    # via sphinx
exceptiongroup==1.2.2 ; python_version < '3.11'
    # via pytest
filelock==3.15.4
    # via virtualenv
identify==2.6.0
    # via pre-commit
idna==3.7
    # via requests
imagesize==1.4.1
    # via sphinx
importlib-metadata==8.2.0 ; python_version < '3.10'
    # via sphinx
iniconfig==2.0.0
    # via pytest
jinja2==3.1.4
    # via sphinx
markupsafe==2.1.5
    # via jinja2
mypy==1.0.1
mypy-extensions==1.0.0
    # via mypy
nodeenv==1.9.1
    # via pre-commit
numpy==2.0.1
    # via rustworkx
packaging==24.1
    # via pytest
    # via sphinx
platformdirs==4.2.2
    # via virtualenv
pluggy==1.5.0
    # via pytest
pre-commit==3.4.0
pygments==2.18.0
    # via sphinx
pytest==8.0.2
    # via pytest-cov
pytest-cov==5.0.0
pyyaml==6.0.1
    # via pre-commit
requests==2.32.3
    # via sphinx
rustworkx==0.15.1
    # via sphinx-graph
snowballstemmer==2.2.0
    # via sphinx
sphinx==7.4.7
    # via sphinx-graph
sphinxcontrib-applehelp==2.0.0
    # via sphinx
sphinxcontrib-devhelp==2.0.0
    # via sphinx
sphinxcontrib-htmlhelp==2.1.0
    # via sphinx
sphinxcontrib-jsmath==1.0.1
    # via sphinx
sphinxcontrib-qthelp==2.0.0
    # via sphinx
sphinxcontrib-serializinghtml==2.0.0
    # via sphinx
toml==0.10.2
    # via sphinx-graph
tomli==2.0.1 ; python_full_version <= '3.11.0a6' or python_version < '3.11'
    # via coverage
    # via mypy
    # via pytest
    # via sphinx
types-docutils==0.21.0.20240724
types-toml==0.10.8.20240310
typing-extensions==4.12.2
    # via mypy
urllib3==2.2.2
    # via requests
virtualenv==20.26.3
    # via pre-commit
zipp==3.19.2 ; python_version < '3.10'
    # via importlib-metadata
